#MicroXplorer Configuration settings - do not modify
File.Version=6
GPIO.groupedBy=
KeepUserPlacement=false
Mcu.Family=STM32H7
Mcu.IP0=CORTEX_M7
Mcu.IP1=DEBUG
Mcu.IP2=NVIC
Mcu.IP3=RCC
Mcu.IP4=SYS
Mcu.IPNb=5
Mcu.Name=STM32H7A3Z(G-I)TxQ
Mcu.Package=LQFP144
Mcu.Pin0=PE2
Mcu.Pin1=PE3
Mcu.Pin10=PF8
Mcu.Pin11=PF9
Mcu.Pin12=PF10
Mcu.Pin13=PH0-OSC_IN
Mcu.Pin14=PH1-OSC_OUT
Mcu.Pin15=PC0
Mcu.Pin16=PC1
Mcu.Pin17=PC2_C
Mcu.Pin18=PC3_C
Mcu.Pin19=PA0
Mcu.Pin2=PE4
Mcu.Pin20=PA1
Mcu.Pin21=PA2
Mcu.Pin22=PA3
Mcu.Pin23=PA4
Mcu.Pin24=PA5
Mcu.Pin25=PA6
Mcu.Pin26=PA7
Mcu.Pin27=PC4
Mcu.Pin28=PC5
Mcu.Pin29=PB0
Mcu.Pin3=PE5
Mcu.Pin30=PB1
Mcu.Pin31=PB2
Mcu.Pin32=PF11
Mcu.Pin33=PF14
Mcu.Pin34=PF15
Mcu.Pin35=PE7
Mcu.Pin36=PE8
Mcu.Pin37=PE9
Mcu.Pin38=PE10
Mcu.Pin39=PE11
Mcu.Pin4=PE6
Mcu.Pin40=PE12
Mcu.Pin41=PE13
Mcu.Pin42=PE14
Mcu.Pin43=PE15
Mcu.Pin44=PB10
Mcu.Pin45=PB11
Mcu.Pin46=PB12
Mcu.Pin47=PB13
Mcu.Pin48=PB14
Mcu.Pin49=PB15
Mcu.Pin5=PC13
Mcu.Pin50=PD8
Mcu.Pin51=PD9
Mcu.Pin52=PD10
Mcu.Pin53=PD11
Mcu.Pin54=PD12
Mcu.Pin55=PD13
Mcu.Pin56=PD14
Mcu.Pin57=PD15
Mcu.Pin58=PG6
Mcu.Pin59=PG7
Mcu.Pin6=PC14-OSC32_IN
Mcu.Pin60=PG8
Mcu.Pin61=PC6
Mcu.Pin62=PC7
Mcu.Pin63=PC8
Mcu.Pin64=PC9
Mcu.Pin65=PA8
Mcu.Pin66=PA9
Mcu.Pin67=PA10
Mcu.Pin68=PA11
Mcu.Pin69=PA12
Mcu.Pin7=PC15-OSC32_OUT
Mcu.Pin70=PA13
Mcu.Pin71=PA14
Mcu.Pin72=PA15
Mcu.Pin73=PC10
Mcu.Pin74=PC11
Mcu.Pin75=PC12
Mcu.Pin76=PD0
Mcu.Pin77=PD1
Mcu.Pin78=PD2
Mcu.Pin79=PD3
Mcu.Pin8=PF6
Mcu.Pin80=PD4
Mcu.Pin81=PD5
Mcu.Pin82=PD6
Mcu.Pin83=PD7
Mcu.Pin84=PG9
Mcu.Pin85=PG10
Mcu.Pin86=PG11
Mcu.Pin87=PG12
Mcu.Pin88=PG13
Mcu.Pin89=PG14
Mcu.Pin9=PF7
Mcu.Pin90=PB3
Mcu.Pin91=PB4
Mcu.Pin92=PB5
Mcu.Pin93=PB6
Mcu.Pin94=PB7
Mcu.Pin95=PB8
Mcu.Pin96=PB9
Mcu.Pin97=PE0
Mcu.Pin98=PE1
Mcu.Pin99=VP_SYS_VS_Systick
Mcu.PinsNb=100
Mcu.ThirdPartyNb=0
Mcu.UserConstants=
Mcu.UserName=STM32H7A3ZITxQ
MxCube.Version=6.2.1
MxDb.Version=DB.6.0.21
NVIC.BusFault_IRQn=true\:0\:0\:false\:false\:true\:false\:false
NVIC.DebugMonitor_IRQn=true\:0\:0\:false\:false\:true\:false\:false
NVIC.ForceEnableDMAVector=true
NVIC.HardFault_IRQn=true\:0\:0\:false\:false\:true\:false\:false
NVIC.MemoryManagement_IRQn=true\:0\:0\:false\:false\:true\:false\:false
NVIC.NonMaskableInt_IRQn=true\:0\:0\:false\:false\:true\:false\:false
NVIC.PendSV_IRQn=true\:0\:0\:false\:false\:true\:false\:false
NVIC.PriorityGroup=NVIC_PRIORITYGROUP_4
NVIC.SVCall_IRQn=true\:0\:0\:false\:false\:true\:false\:false
NVIC.SysTick_IRQn=true\:0\:0\:false\:false\:true\:false\:true
NVIC.UsageFault_IRQn=true\:0\:0\:false\:false\:true\:false\:false
PA0.Locked=true
PA0.Signal=GPIO_Input
PA1.Locked=true
PA1.Signal=GPIO_Input
PA10.Locked=true
PA10.Signal=GPIO_Input
PA11.Locked=true
PA11.Signal=GPIO_Input
PA12.Locked=true
PA12.Signal=GPIO_Input
PA13.Mode=Serial_Wire
PA13.Signal=DEBUG_JTMS-SWDIO
PA14.Mode=Serial_Wire
PA14.Signal=DEBUG_JTCK-SWCLK
PA15.Locked=true
PA15.Signal=GPIO_Input
PA2.Locked=true
PA2.Signal=GPIO_Input
PA3.Locked=true
PA3.Signal=GPIO_Input
PA4.Locked=true
PA4.Signal=GPIO_Input
PA5.Locked=true
PA5.Signal=GPIO_Input
PA6.Locked=true
PA6.Signal=GPIO_Input
PA7.Locked=true
PA7.Signal=GPIO_Input
PA8.Locked=true
PA8.Signal=GPIO_Input
PA9.Locked=true
PA9.Signal=GPIO_Input
PB0.Locked=true
PB0.Signal=GPIO_Input
PB1.Locked=true
PB1.Signal=GPIO_Input
PB10.Locked=true
PB10.Signal=GPIO_Input
PB11.Locked=true
PB11.Signal=GPIO_Input
PB12.Locked=true
PB12.Signal=GPIO_Input
PB13.Locked=true
PB13.Signal=GPIO_Input
PB14.Locked=true
PB14.Signal=GPIO_Input
PB15.Locked=true
PB15.Signal=GPIO_Input
PB2.Locked=true
PB2.Signal=GPIO_Input
PB3.Locked=true
PB3.Signal=GPIO_Input
PB4.Locked=true
PB4.Signal=GPIO_Input
PB5.Locked=true
PB5.Signal=GPIO_Input
PB6.Locked=true
PB6.Signal=GPIO_Input
PB7.Locked=true
PB7.Signal=GPIO_Input
PB8.Locked=true
PB8.Signal=GPIO_Input
PB9.Locked=true
PB9.Signal=GPIO_Input
PC0.Locked=true
PC0.Signal=GPIO_Input
PC1.Locked=true
PC1.Signal=GPIO_Input
PC10.Locked=true
PC10.Signal=GPIO_Input
PC11.Locked=true
PC11.Signal=GPIO_Input
PC12.Locked=true
PC12.Signal=GPIO_Input
PC13.Locked=true
PC13.Signal=GPIO_Input
PC14-OSC32_IN.Locked=true
PC14-OSC32_IN.Signal=GPIO_Input
PC15-OSC32_OUT.Locked=true
PC15-OSC32_OUT.Signal=GPIO_Input
PC2_C.Locked=true
PC2_C.Signal=GPIO_Input
PC3_C.Locked=true
PC3_C.Signal=GPIO_Input
PC4.Locked=true
PC4.Signal=GPIO_Input
PC5.Locked=true
PC5.Signal=GPIO_Input
PC6.Locked=true
PC6.Signal=GPIO_Input
PC7.Locked=true
PC7.Signal=GPIO_Input
PC8.Locked=true
PC8.Signal=GPIO_Input
PC9.Locked=true
PC9.Signal=GPIO_Input
PD0.Locked=true
PD0.Signal=GPIO_Input
PD1.Locked=true
PD1.Signal=GPIO_Input
PD10.Locked=true
PD10.Signal=GPIO_Input
PD11.Locked=true
PD11.Signal=GPIO_Input
PD12.Locked=true
PD12.Signal=GPIO_Input
PD13.Locked=true
PD13.Signal=GPIO_Input
PD14.Locked=true
PD14.Signal=GPIO_Input
PD15.Locked=true
PD15.Signal=GPIO_Input
PD2.Locked=true
PD2.Signal=GPIO_Input
PD3.Locked=true
PD3.Signal=GPIO_Input
PD4.Locked=true
PD4.Signal=GPIO_Input
PD5.Locked=true
PD5.Signal=GPIO_Input
PD6.Locked=true
PD6.Signal=GPIO_Input
PD7.Locked=true
PD7.Signal=GPIO_Input
PD8.Locked=true
PD8.Signal=GPIO_Input
PD9.Locked=true
PD9.Signal=GPIO_Input
PE0.Locked=true
PE0.Signal=GPIO_Input
PE1.Locked=true
PE1.Signal=GPIO_Input
PE10.Locked=true
PE10.Signal=GPIO_Input
PE11.Locked=true
PE11.Signal=GPIO_Input
PE12.Locked=true
PE12.Signal=GPIO_Input
PE13.Locked=true
PE13.Signal=GPIO_Input
PE14.Locked=true
PE14.Signal=GPIO_Input
PE15.Locked=true
PE15.Signal=GPIO_Input
PE2.Locked=true
PE2.Signal=GPIO_Input
PE3.Locked=true
PE3.Signal=GPIO_Input
PE4.Locked=true
PE4.Signal=GPIO_Input
PE5.Locked=true
PE5.Signal=GPIO_Input
PE6.Locked=true
PE6.Signal=GPIO_Input
PE7.Locked=true
PE7.Signal=GPIO_Input
PE8.Locked=true
PE8.Signal=GPIO_Input
PE9.Locked=true
PE9.Signal=GPIO_Input
PF10.Locked=true
PF10.Signal=GPIO_Input
PF11.Locked=true
PF11.Signal=GPIO_Input
PF14.Locked=true
PF14.Signal=GPIO_Input
PF15.Locked=true
PF15.Signal=GPIO_Input
PF6.Locked=true
PF6.Signal=GPIO_Input
PF7.Locked=true
PF7.Signal=GPIO_Input
PF8.Locked=true
PF8.Signal=GPIO_Input
PF9.Locked=true
PF9.Signal=GPIO_Input
PG10.Locked=true
PG10.Signal=GPIO_Input
PG11.Locked=true
PG11.Signal=GPIO_Input
PG12.Locked=true
PG12.Signal=GPIO_Input
PG13.Locked=true
PG13.Signal=GPIO_Input
PG14.Locked=true
PG14.Signal=GPIO_Input
PG6.Locked=true
PG6.Signal=GPIO_Input
PG7.Locked=true
PG7.Signal=GPIO_Input
PG8.Locked=true
PG8.Signal=GPIO_Input
PG9.Locked=true
PG9.Signal=GPIO_Input
PH0-OSC_IN.Locked=true
PH0-OSC_IN.Signal=GPIO_Input
PH1-OSC_OUT.Locked=true
PH1-OSC_OUT.Signal=GPIO_Input
PinOutPanel.RotationAngle=0
ProjectManager.AskForMigrate=true
ProjectManager.BackupPrevious=false
ProjectManager.CompilerOptimize=6
ProjectManager.ComputerToolchain=false
ProjectManager.CoupleFile=false
ProjectManager.CustomerFirmwarePackage=
ProjectManager.DefaultFWLocation=true
ProjectManager.DeletePrevious=true
ProjectManager.DeviceId=STM32H7A3ZITxQ
ProjectManager.FirmwarePackage=STM32Cube FW_H7 V1.9.0
ProjectManager.FreePins=false
ProjectManager.HalAssertFull=false
ProjectManager.HeapSize=0x200
ProjectManager.KeepUserCode=true
ProjectManager.LastFirmware=true
ProjectManager.LibraryCopy=0
ProjectManager.MainLocation=Core/Src
ProjectManager.NoMain=false
ProjectManager.PreviousToolchain=
ProjectManager.ProjectBuild=false
ProjectManager.ProjectFileName=STM32H7A3ZITxQ_All_Input.ioc
ProjectManager.ProjectName=STM32H7A3ZITxQ_All_Input
ProjectManager.RegisterCallBack=
ProjectManager.StackSize=0x400
ProjectManager.TargetToolchain=EWARM V8.32
ProjectManager.ToolChainLocation=
ProjectManager.UnderRoot=false
ProjectManager.functionlistsort=1-MX_GPIO_Init-GPIO-false-HAL-true,2-SystemClock_Config-RCC-false-HAL-false,0-MX_CORTEX_M7_Init-CORTEX_M7-false-HAL-true
RCC.ADCFreq_Value=129000000
RCC.AHB12Freq_Value=64000000
RCC.AHB4Freq_Value=64000000
RCC.APB1Freq_Value=64000000
RCC.APB2Freq_Value=64000000
RCC.APB3Freq_Value=64000000
RCC.APB4Freq_Value=64000000
RCC.AXIClockFreq_Value=64000000
RCC.CDCPREFreq_Value=64000000
RCC.CECFreq_Value=32000
RCC.CKPERFreq_Value=64000000
RCC.CortexFreq_Value=64000000
RCC.CpuClockFreq_Value=64000000
RCC.DFSDM2ACLkFreq_Value=64000000
RCC.DFSDM2Freq_Value=64000000
RCC.DFSDMACLkFreq_Value=129000000
RCC.DFSDMFreq_Value=64000000
RCC.DIVP1Freq_Value=129000000
RCC.DIVP2Freq_Value=129000000
RCC.DIVP3Freq_Value=129000000
RCC.DIVQ1Freq_Value=129000000
RCC.DIVQ2Freq_Value=129000000
RCC.DIVQ3Freq_Value=129000000
RCC.DIVR1Freq_Value=129000000
RCC.DIVR2Freq_Value=129000000
RCC.DIVR3Freq_Value=129000000
RCC.FDCANFreq_Value=129000000
RCC.FMCFreq_Value=64000000
RCC.FamilyName=M
RCC.HCLK3ClockFreq_Value=64000000
RCC.HCLKFreq_Value=64000000
RCC.I2C123Freq_Value=64000000
RCC.I2C4Freq_Value=64000000
RCC.IPParameters=ADCFreq_Value,AHB12Freq_Value,AHB4Freq_Value,APB1Freq_Value,APB2Freq_Value,APB3Freq_Value,APB4Freq_Value,AXIClockFreq_Value,CDCPREFreq_Value,CECFreq_Value,CKPERFreq_Value,CortexFreq_Value,CpuClockFreq_Value,DFSDM2ACLkFreq_Value,DFSDM2Freq_Value,DFSDMACLkFreq_Value,DFSDMFreq_Value,DIVP1Freq_Value,DIVP2Freq_Value,DIVP3Freq_Value,DIVQ1Freq_Value,DIVQ2Freq_Value,DIVQ3Freq_Value,DIVR1Freq_Value,DIVR2Freq_Value,DIVR3Freq_Value,FDCANFreq_Value,FMCFreq_Value,FamilyName,HCLK3ClockFreq_Value,HCLKFreq_Value,I2C123Freq_Value,I2C4Freq_Value,LPTIM1Freq_Value,LPTIM2Freq_Value,LPTIM345Freq_Value,LPUART1Freq_Value,LTDCFreq_Value,MCO1PinFreq_Value,MCO2PinFreq_Value,QSPIFreq_Value,RNGFreq_Value,RTCFreq_Value,SAI1Freq_Value,SAI2AFreq_Value,SAI2BFreq_Value,SDMMCFreq_Value,SPDIFRXFreq_Value,SPI123Freq_Value,SPI45Freq_Value,SPI6Freq_Value,SWPMI1Freq_Value,SYSCLKFreq_VALUE,Tim1OutputFreq_Value,Tim2OutputFreq_Value,TraceFreq_Value,USART16Freq_Value,USART234578Freq_Value,USBFreq_Value,VCO1OutputFreq_Value,VCO2OutputFreq_Value,VCO3OutputFreq_Value,VCOInput1Freq_Value,VCOInput2Freq_Value,VCOInput3Freq_Value
RCC.LPTIM1Freq_Value=64000000
RCC.LPTIM2Freq_Value=64000000
RCC.LPTIM345Freq_Value=64000000
RCC.LPUART1Freq_Value=64000000
RCC.LTDCFreq_Value=129000000
RCC.MCO1PinFreq_Value=64000000
RCC.MCO2PinFreq_Value=64000000
RCC.QSPIFreq_Value=64000000
RCC.RNGFreq_Value=48000000
RCC.RTCFreq_Value=32000
RCC.SAI1Freq_Value=129000000
RCC.SAI2AFreq_Value=129000000
RCC.SAI2BFreq_Value=129000000
RCC.SDMMCFreq_Value=129000000
RCC.SPDIFRXFreq_Value=129000000
RCC.SPI123Freq_Value=129000000
RCC.SPI45Freq_Value=64000000
RCC.SPI6Freq_Value=64000000
RCC.SWPMI1Freq_Value=64000000
RCC.SYSCLKFreq_VALUE=64000000
RCC.Tim1OutputFreq_Value=64000000
RCC.Tim2OutputFreq_Value=64000000
RCC.TraceFreq_Value=64000000
RCC.USART16Freq_Value=64000000
RCC.USART234578Freq_Value=64000000
RCC.USBFreq_Value=129000000
RCC.VCO1OutputFreq_Value=258000000
RCC.VCO2OutputFreq_Value=258000000
RCC.VCO3OutputFreq_Value=258000000
RCC.VCOInput1Freq_Value=2000000
RCC.VCOInput2Freq_Value=2000000
RCC.VCOInput3Freq_Value=2000000
VP_SYS_VS_Systick.Mode=SysTick
VP_SYS_VS_Systick.Signal=SYS_VS_Systick
board=custom
